// !$*UTF8*$!
{
	archiveVersion = 1;
	classes = {
	};
	objectVersion = 55;
	objects = {

/* Begin PBXBuildFile section */
		DAF5F0F5285B496E0060AA52 /* Tests_iOS.swift in Sources */ = {isa = PBXBuildFile; fileRef = DAF5F0F4285B496E0060AA52 /* Tests_iOS.swift */; };
		DAF5F0F7285B496E0060AA52 /* Tests_iOSLaunchTests.swift in Sources */ = {isa = PBXBuildFile; fileRef = DAF5F0F6285B496E0060AA52 /* Tests_iOSLaunchTests.swift */; };
		DAF5F101285B496E0060AA52 /* Tests_macOS.swift in Sources */ = {isa = PBXBuildFile; fileRef = DAF5F100285B496E0060AA52 /* Tests_macOS.swift */; };
		DAF5F103285B496E0060AA52 /* Tests_macOSLaunchTests.swift in Sources */ = {isa = PBXBuildFile; fileRef = DAF5F102285B496E0060AA52 /* Tests_macOSLaunchTests.swift */; };
		DAF5F104285B496E0060AA52 /* It_worksApp.swift in Sources */ = {isa = PBXBuildFile; fileRef = DAF5F0DC285B496A0060AA52 /* It_worksApp.swift */; };
		DAF5F105285B496E0060AA52 /* It_worksApp.swift in Sources */ = {isa = PBXBuildFile; fileRef = DAF5F0DC285B496A0060AA52 /* It_worksApp.swift */; };
		DAF5F106285B496E0060AA52 /* ContentView.swift in Sources */ = {isa = PBXBuildFile; fileRef = DAF5F0DD285B496A0060AA52 /* ContentView.swift */; };
		DAF5F107285B496E0060AA52 /* ContentView.swift in Sources */ = {isa = PBXBuildFile; fileRef = DAF5F0DD285B496A0060AA52 /* ContentView.swift */; };
		DAF5F108285B496E0060AA52 /* Assets.xcassets in Resources */ = {isa = PBXBuildFile; fileRef = DAF5F0DE285B496E0060AA52 /* Assets.xcassets */; };
		DAF5F109285B496E0060AA52 /* Assets.xcassets in Resources */ = {isa = PBXBuildFile; fileRef = DAF5F0DE285B496E0060AA52 /* Assets.xcassets */; };
/* End PBXBuildFile section */

/* Begin PBXContainerItemProxy section */
		DAF5F0F1285B496E0060AA52 /* PBXContainerItemProxy */ = {
			isa = PBXContainerItemProxy;
			containerPortal = DAF5F0D7285B496A0060AA52 /* Project object */;
			proxyType = 1;
			remoteGlobalIDString = DAF5F0E2285B496E0060AA52;
			remoteInfo = "It-works (iOS)";
		};
		DAF5F0FD285B496E0060AA52 /* PBXContainerItemProxy */ = {
			isa = PBXContainerItemProxy;
			containerPortal = DAF5F0D7285B496A0060AA52 /* Project object */;
			proxyType = 1;
			remoteGlobalIDString = DAF5F0E8285B496E0060AA52;
			remoteInfo = "It-works (macOS)";
		};
/* End PBXContainerItemProxy section */

/* Begin PBXFileReference section */
		DAF5F0DC285B496A0060AA52 /* It_worksApp.swift */ = {isa = PBXFileReference; lastKnownFileType = sourcecode.swift; path = It_worksApp.swift; sourceTree = "<group>"; };
		DAF5F0DD285B496A0060AA52 /* ContentView.swift */ = {isa = PBXFileReference; lastKnownFileType = sourcecode.swift; path = ContentView.swift; sourceTree = "<group>"; };
		DAF5F0DE285B496E0060AA52 /* Assets.xcassets */ = {isa = PBXFileReference; lastKnownFileType = folder.assetcatalog; path = Assets.xcassets; sourceTree = "<group>"; };
		DAF5F0E3285B496E0060AA52 /* It-works.app */ = {isa = PBXFileReference; explicitFileType = wrapper.application; includeInIndex = 0; path = "It-works.app"; sourceTree = BUILT_PRODUCTS_DIR; };
		DAF5F0E9285B496E0060AA52 /* It-works.app */ = {isa = PBXFileReference; explicitFileType = wrapper.application; includeInIndex = 0; path = "It-works.app"; sourceTree = BUILT_PRODUCTS_DIR; };
		DAF5F0EB285B496E0060AA52 /* macOS.entitlements */ = {isa = PBXFileReference; lastKnownFileType = text.plist.entitlements; path = macOS.entitlements; sourceTree = "<group>"; };
		DAF5F0F0285B496E0060AA52 /* Tests iOS.xctest */ = {isa = PBXFileReference; explicitFileType = wrapper.cfbundle; includeInIndex = 0; path = "Tests iOS.xctest"; sourceTree = BUILT_PRODUCTS_DIR; };
		DAF5F0F4285B496E0060AA52 /* Tests_iOS.swift */ = {isa = PBXFileReference; lastKnownFileType = sourcecode.swift; path = Tests_iOS.swift; sourceTree = "<group>"; };
		DAF5F0F6285B496E0060AA52 /* Tests_iOSLaunchTests.swift */ = {isa = PBXFileReference; lastKnownFileType = sourcecode.swift; path = Tests_iOSLaunchTests.swift; sourceTree = "<group>"; };
		DAF5F0FC285B496E0060AA52 /* Tests macOS.xctest */ = {isa = PBXFileReference; explicitFileType = wrapper.cfbundle; includeInIndex = 0; path = "Tests macOS.xctest"; sourceTree = BUILT_PRODUCTS_DIR; };
		DAF5F100285B496E0060AA52 /* Tests_macOS.swift */ = {isa = PBXFileReference; lastKnownFileType = sourcecode.swift; path = Tests_macOS.swift; sourceTree = "<group>"; };
		DAF5F102285B496E0060AA52 /* Tests_macOSLaunchTests.swift */ = {isa = PBXFileReference; lastKnownFileType = sourcecode.swift; path = Tests_macOSLaunchTests.swift; sourceTree = "<group>"; };
/* End PBXFileReference section */

/* Begin PBXFrameworksBuildPhase section */
		DAF5F0E0285B496E0060AA52 /* Frameworks */ = {
			isa = PBXFrameworksBuildPhase;
			buildActionMask = 2147483647;
			files = (
			);
			runOnlyForDeploymentPostprocessing = 0;
		};
		DAF5F0E6285B496E0060AA52 /* Frameworks */ = {
			isa = PBXFrameworksBuildPhase;
			buildActionMask = 2147483647;
			files = (
			);
			runOnlyForDeploymentPostprocessing = 0;
		};
		DAF5F0ED285B496E0060AA52 /* Frameworks */ = {
			isa = PBXFrameworksBuildPhase;
			buildActionMask = 2147483647;
			files = (
			);
			runOnlyForDeploymentPostprocessing = 0;
		};
		DAF5F0F9285B496E0060AA52 /* Frameworks */ = {
			isa = PBXFrameworksBuildPhase;
			buildActionMask = 2147483647;
			files = (
			);
			runOnlyForDeploymentPostprocessing = 0;
		};
/* End PBXFrameworksBuildPhase section */

/* Begin PBXGroup section */
		DAF5F0D6285B496A0060AA52 = {
			isa = PBXGroup;
			children = (
				DAF5F0DB285B496A0060AA52 /* Shared */,
				DAF5F0EA285B496E0060AA52 /* macOS */,
				DAF5F0F3285B496E0060AA52 /* Tests iOS */,
				DAF5F0FF285B496E0060AA52 /* Tests macOS */,
				DAF5F0E4285B496E0060AA52 /* Products */,
			);
			sourceTree = "<group>";
		};
		DAF5F0DB285B496A0060AA52 /* Shared */ = {
			isa = PBXGroup;
			children = (
				DAF5F0DC285B496A0060AA52 /* It_worksApp.swift */,
				DAF5F0DD285B496A0060AA52 /* ContentView.swift */,
				DAF5F0DE285B496E0060AA52 /* Assets.xcassets */,
			);
			path = Shared;
			sourceTree = "<group>";
		};
		DAF5F0E4285B496E0060AA52 /* Products */ = {
			isa = PBXGroup;
			children = (
				DAF5F0E3285B496E0060AA52 /* It-works.app */,
				DAF5F0E9285B496E0060AA52 /* It-works.app */,
				DAF5F0F0285B496E0060AA52 /* Tests iOS.xctest */,
				DAF5F0FC285B496E0060AA52 /* Tests macOS.xctest */,
			);
			name = Products;
			sourceTree = "<group>";
		};
		DAF5F0EA285B496E0060AA52 /* macOS */ = {
			isa = PBXGroup;
			children = (
				DAF5F0EB285B496E0060AA52 /* macOS.entitlements */,
			);
			path = macOS;
			sourceTree = "<group>";
		};
		DAF5F0F3285B496E0060AA52 /* Tests iOS */ = {
			isa = PBXGroup;
			children = (
				DAF5F0F4285B496E0060AA52 /* Tests_iOS.swift */,
				DAF5F0F6285B496E0060AA52 /* Tests_iOSLaunchTests.swift */,
			);
			path = "Tests iOS";
			sourceTree = "<group>";
		};
		DAF5F0FF285B496E0060AA52 /* Tests macOS */ = {
			isa = PBXGroup;
			children = (
				DAF5F100285B496E0060AA52 /* Tests_macOS.swift */,
				DAF5F102285B496E0060AA52 /* Tests_macOSLaunchTests.swift */,
			);
			path = "Tests macOS";
			sourceTree = "<group>";
		};
/* End PBXGroup section */

/* Begin PBXNativeTarget section */
		DAF5F0E2285B496E0060AA52 /* It-works (iOS) */ = {
			isa = PBXNativeTarget;
			buildConfigurationList = DAF5F10C285B496E0060AA52 /* Build configuration list for PBXNativeTarget "It-works (iOS)" */;
			buildPhases = (
				DAF5F0DF285B496E0060AA52 /* Sources */,
				DAF5F0E0285B496E0060AA52 /* Frameworks */,
				DAF5F0E1285B496E0060AA52 /* Resources */,
			);
			buildRules = (
			);
			dependencies = (
			);
			name = "It-works (iOS)";
			productName = "It-works (iOS)";
			productReference = DAF5F0E3285B496E0060AA52 /* It-works.app */;
			productType = "com.apple.product-type.application";
		};
		DAF5F0E8285B496E0060AA52 /* It-works (macOS) */ = {
			isa = PBXNativeTarget;
			buildConfigurationList = DAF5F10F285B496E0060AA52 /* Build configuration list for PBXNativeTarget "It-works (macOS)" */;
			buildPhases = (
				DAF5F0E5285B496E0060AA52 /* Sources */,
				DAF5F0E6285B496E0060AA52 /* Frameworks */,
				DAF5F0E7285B496E0060AA52 /* Resources */,
			);
			buildRules = (
			);
			dependencies = (
			);
			name = "It-works (macOS)";
			productName = "It-works (macOS)";
			productReference = DAF5F0E9285B496E0060AA52 /* It-works.app */;
			productType = "com.apple.product-type.application";
		};
		DAF5F0EF285B496E0060AA52 /* Tests iOS */ = {
			isa = PBXNativeTarget;
			buildConfigurationList = DAF5F112285B496E0060AA52 /* Build configuration list for PBXNativeTarget "Tests iOS" */;
			buildPhases = (
				DAF5F0EC285B496E0060AA52 /* Sources */,
				DAF5F0ED285B496E0060AA52 /* Frameworks */,
				DAF5F0EE285B496E0060AA52 /* Resources */,
			);
			buildRules = (
			);
			dependencies = (
				DAF5F0F2285B496E0060AA52 /* PBXTargetDependency */,
			);
			name = "Tests iOS";
			productName = "Tests iOS";
			productReference = DAF5F0F0285B496E0060AA52 /* Tests iOS.xctest */;
			productType = "com.apple.product-type.bundle.ui-testing";
		};
		DAF5F0FB285B496E0060AA52 /* Tests macOS */ = {
			isa = PBXNativeTarget;
			buildConfigurationList = DAF5F115285B496E0060AA52 /* Build configuration list for PBXNativeTarget "Tests macOS" */;
			buildPhases = (
				DAF5F0F8285B496E0060AA52 /* Sources */,
				DAF5F0F9285B496E0060AA52 /* Frameworks */,
				DAF5F0FA285B496E0060AA52 /* Resources */,
			);
			buildRules = (
			);
			dependencies = (
				DAF5F0FE285B496E0060AA52 /* PBXTargetDependency */,
			);
			name = "Tests macOS";
			productName = "Tests macOS";
			productReference = DAF5F0FC285B496E0060AA52 /* Tests macOS.xctest */;
			productType = "com.apple.product-type.bundle.ui-testing";
		};
/* End PBXNativeTarget section */

/* Begin PBXProject section */
		DAF5F0D7285B496A0060AA52 /* Project object */ = {
			isa = PBXProject;
			attributes = {
				BuildIndependentTargetsInParallel = 1;
				LastSwiftUpdateCheck = 1340;
				LastUpgradeCheck = 1340;
				TargetAttributes = {
					DAF5F0E2285B496E0060AA52 = {
						CreatedOnToolsVersion = 13.4.1;
					};
					DAF5F0E8285B496E0060AA52 = {
						CreatedOnToolsVersion = 13.4.1;
					};
					DAF5F0EF285B496E0060AA52 = {
						CreatedOnToolsVersion = 13.4.1;
						TestTargetID = DAF5F0E2285B496E0060AA52;
					};
					DAF5F0FB285B496E0060AA52 = {
						CreatedOnToolsVersion = 13.4.1;
						TestTargetID = DAF5F0E8285B496E0060AA52;
					};
				};
			};
			buildConfigurationList = DAF5F0DA285B496A0060AA52 /* Build configuration list for PBXProject "It-works" */;
			compatibilityVersion = "Xcode 13.0";
			developmentRegion = en;
			hasScannedForEncodings = 0;
			knownRegions = (
				en,
				Base,
			);
			mainGroup = DAF5F0D6285B496A0060AA52;
			productRefGroup = DAF5F0E4285B496E0060AA52 /* Products */;
			projectDirPath = "";
			projectRoot = "";
			targets = (
				DAF5F0E2285B496E0060AA52 /* It-works (iOS) */,
				DAF5F0E8285B496E0060AA52 /* It-works (macOS) */,
				DAF5F0EF285B496E0060AA52 /* Tests iOS */,
				DAF5F0FB285B496E0060AA52 /* Tests macOS */,
			);
		};
/* End PBXProject section */

/* Begin PBXResourcesBuildPhase section */
		DAF5F0E1285B496E0060AA52 /* Resources */ = {
			isa = PBXResourcesBuildPhase;
			buildActionMask = 2147483647;
			files = (
				DAF5F108285B496E0060AA52 /* Assets.xcassets in Resources */,
			);
			runOnlyForDeploymentPostprocessing = 0;
		};
		DAF5F0E7285B496E0060AA52 /* Resources */ = {
			isa = PBXResourcesBuildPhase;
			buildActionMask = 2147483647;
			files = (
				DAF5F109285B496E0060AA52 /* Assets.xcassets in Resources */,
			);
			runOnlyForDeploymentPostprocessing = 0;
		};
		DAF5F0EE285B496E0060AA52 /* Resources */ = {
			isa = PBXResourcesBuildPhase;
			buildActionMask = 2147483647;
			files = (
			);
			runOnlyForDeploymentPostprocessing = 0;
		};
		DAF5F0FA285B496E0060AA52 /* Resources */ = {
			isa = PBXResourcesBuildPhase;
			buildActionMask = 2147483647;
			files = (
			);
			runOnlyForDeploymentPostprocessing = 0;
		};
/* End PBXResourcesBuildPhase section */

/* Begin PBXSourcesBuildPhase section */
		DAF5F0DF285B496E0060AA52 /* Sources */ = {
			isa = PBXSourcesBuildPhase;
			buildActionMask = 2147483647;
			files = (
				DAF5F106285B496E0060AA52 /* ContentView.swift in Sources */,
				DAF5F104285B496E0060AA52 /* It_worksApp.swift in Sources */,
			);
			runOnlyForDeploymentPostprocessing = 0;
		};
		DAF5F0E5285B496E0060AA52 /* Sources */ = {
			isa = PBXSourcesBuildPhase;
			buildActionMask = 2147483647;
			files = (
				DAF5F107285B496E0060AA52 /* ContentView.swift in Sources */,
				DAF5F105285B496E0060AA52 /* It_worksApp.swift in Sources */,
			);
			runOnlyForDeploymentPostprocessing = 0;
		};
		DAF5F0EC285B496E0060AA52 /* Sources */ = {
			isa = PBXSourcesBuildPhase;
			buildActionMask = 2147483647;
			files = (
				DAF5F0F7285B496E0060AA52 /* Tests_iOSLaunchTests.swift in Sources */,
				DAF5F0F5285B496E0060AA52 /* Tests_iOS.swift in Sources */,
			);
			runOnlyForDeploymentPostprocessing = 0;
		};
		DAF5F0F8285B496E0060AA52 /* Sources */ = {
			isa = PBXSourcesBuildPhase;
			buildActionMask = 2147483647;
			files = (
				DAF5F103285B496E0060AA52 /* Tests_macOSLaunchTests.swift in Sources */,
				DAF5F101285B496E0060AA52 /* Tests_macOS.swift in Sources */,
			);
			runOnlyForDeploymentPostprocessing = 0;
		};
/* End PBXSourcesBuildPhase section */

/* Begin PBXTargetDependency section */
		DAF5F0F2285B496E0060AA52 /* PBXTargetDependency */ = {
			isa = PBXTargetDependency;
			target = DAF5F0E2285B496E0060AA52 /* It-works (iOS) */;
			targetProxy = DAF5F0F1285B496E0060AA52 /* PBXContainerItemProxy */;
		};
		DAF5F0FE285B496E0060AA52 /* PBXTargetDependency */ = {
			isa = PBXTargetDependency;
			target = DAF5F0E8285B496E0060AA52 /* It-works (macOS) */;
			targetProxy = DAF5F0FD285B496E0060AA52 /* PBXContainerItemProxy */;
		};
/* End PBXTargetDependency section */

/* Begin XCBuildConfiguration section */
		DAF5F10A285B496E0060AA52 /* Debug */ = {
			isa = XCBuildConfiguration;
			buildSettings = {
				ALWAYS_SEARCH_USER_PATHS = NO;
				CLANG_ANALYZER_NONNULL = YES;
				CLANG_ANALYZER_NUMBER_OBJECT_CONVERSION = YES_AGGRESSIVE;
				CLANG_CXX_LANGUAGE_STANDARD = "gnu++17";
				CLANG_ENABLE_MODULES = YES;
				CLANG_ENABLE_OBJC_ARC = YES;
				CLANG_ENABLE_OBJC_WEAK = YES;
				CLANG_WARN_BLOCK_CAPTURE_AUTORELEASING = YES;
				CLANG_WARN_BOOL_CONVERSION = YES;
				CLANG_WARN_COMMA = YES;
				CLANG_WARN_CONSTANT_CONVERSION = YES;
				CLANG_WARN_DEPRECATED_OBJC_IMPLEMENTATIONS = YES;
				CLANG_WARN_DIRECT_OBJC_ISA_USAGE = YES_ERROR;
				CLANG_WARN_DOCUMENTATION_COMMENTS = YES;
				CLANG_WARN_EMPTY_BODY = YES;
				CLANG_WARN_ENUM_CONVERSION = YES;
				CLANG_WARN_INFINITE_RECURSION = YES;
				CLANG_WARN_INT_CONVERSION = YES;
				CLANG_WARN_NON_LITERAL_NULL_CONVERSION = YES;
				CLANG_WARN_OBJC_IMPLICIT_RETAIN_SELF = YES;
				CLANG_WARN_OBJC_LITERAL_CONVERSION = YES;
				CLANG_WARN_OBJC_ROOT_CLASS = YES_ERROR;
				CLANG_WARN_QUOTED_INCLUDE_IN_FRAMEWORK_HEADER = YES;
				CLANG_WARN_RANGE_LOOP_ANALYSIS = YES;
				CLANG_WARN_STRICT_PROTOTYPES = YES;
				CLANG_WARN_SUSPICIOUS_MOVE = YES;
				CLANG_WARN_UNGUARDED_AVAILABILITY = YES_AGGRESSIVE;
				CLANG_WARN_UNREACHABLE_CODE = YES;
				CLANG_WARN__DUPLICATE_METHOD_MATCH = YES;
				COPY_PHASE_STRIP = NO;
				DEBUG_INFORMATION_FORMAT = dwarf;
				ENABLE_STRICT_OBJC_MSGSEND = YES;
				ENABLE_TESTABILITY = YES;
				GCC_C_LANGUAGE_STANDARD = gnu11;
				GCC_DYNAMIC_NO_PIC = NO;
				GCC_NO_COMMON_BLOCKS = YES;
				GCC_OPTIMIZATION_LEVEL = 0;
				GCC_PREPROCESSOR_DEFINITIONS = (
					"DEBUG=1",
					"$(inherited)",
				);
				GCC_WARN_64_TO_32_BIT_CONVERSION = YES;
				GCC_WARN_ABOUT_RETURN_TYPE = YES_ERROR;
				GCC_WARN_UNDECLARED_SELECTOR = YES;
				GCC_WARN_UNINITIALIZED_AUTOS = YES_AGGRESSIVE;
				GCC_WARN_UNUSED_FUNCTION = YES;
				GCC_WARN_UNUSED_VARIABLE = YES;
				MTL_ENABLE_DEBUG_INFO = INCLUDE_SOURCE;
				MTL_FAST_MATH = YES;
				ONLY_ACTIVE_ARCH = YES;
				SWIFT_ACTIVE_COMPILATION_CONDITIONS = DEBUG;
				SWIFT_OPTIMIZATION_LEVEL = "-Onone";
			};
			name = Debug;
		};
		DAF5F10B285B496E0060AA52 /* Release */ = {
			isa = XCBuildConfiguration;
			buildSettings = {
				ALWAYS_SEARCH_USER_PATHS = NO;
				CLANG_ANALYZER_NONNULL = YES;
				CLANG_ANALYZER_NUMBER_OBJECT_CONVERSION = YES_AGGRESSIVE;
				CLANG_CXX_LANGUAGE_STANDARD = "gnu++17";
				CLANG_ENABLE_MODULES = YES;
				CLANG_ENABLE_OBJC_ARC = YES;
				CLANG_ENABLE_OBJC_WEAK = YES;
				CLANG_WARN_BLOCK_CAPTURE_AUTORELEASING = YES;
				CLANG_WARN_BOOL_CONVERSION = YES;
				CLANG_WARN_COMMA = YES;
				CLANG_WARN_CONSTANT_CONVERSION = YES;
				CLANG_WARN_DEPRECATED_OBJC_IMPLEMENTATIONS = YES;
				CLANG_WARN_DIRECT_OBJC_ISA_USAGE = YES_ERROR;
				CLANG_WARN_DOCUMENTATION_COMMENTS = YES;
				CLANG_WARN_EMPTY_BODY = YES;
				CLANG_WARN_ENUM_CONVERSION = YES;
				CLANG_WARN_INFINITE_RECURSION = YES;
				CLANG_WARN_INT_CONVERSION = YES;
				CLANG_WARN_NON_LITERAL_NULL_CONVERSION = YES;
				CLANG_WARN_OBJC_IMPLICIT_RETAIN_SELF = YES;
				CLANG_WARN_OBJC_LITERAL_CONVERSION = YES;
				CLANG_WARN_OBJC_ROOT_CLASS = YES_ERROR;
				CLANG_WARN_QUOTED_INCLUDE_IN_FRAMEWORK_HEADER = YES;
				CLANG_WARN_RANGE_LOOP_ANALYSIS = YES;
				CLANG_WARN_STRICT_PROTOTYPES = YES;
				CLANG_WARN_SUSPICIOUS_MOVE = YES;
				CLANG_WARN_UNGUARDED_AVAILABILITY = YES_AGGRESSIVE;
				CLANG_WARN_UNREACHABLE_CODE = YES;
				CLANG_WARN__DUPLICATE_METHOD_MATCH = YES;
				COPY_PHASE_STRIP = NO;
				DEBUG_INFORMATION_FORMAT = "dwarf-with-dsym";
				ENABLE_NS_ASSERTIONS = NO;
				ENABLE_STRICT_OBJC_MSGSEND = YES;
				GCC_C_LANGUAGE_STANDARD = gnu11;
				GCC_NO_COMMON_BLOCKS = YES;
				GCC_WARN_64_TO_32_BIT_CONVERSION = YES;
				GCC_WARN_ABOUT_RETURN_TYPE = YES_ERROR;
				GCC_WARN_UNDECLARED_SELECTOR = YES;
				GCC_WARN_UNINITIALIZED_AUTOS = YES_AGGRESSIVE;
				GCC_WARN_UNUSED_FUNCTION = YES;
				GCC_WARN_UNUSED_VARIABLE = YES;
				MTL_ENABLE_DEBUG_INFO = NO;
				MTL_FAST_MATH = YES;
				SWIFT_COMPILATION_MODE = wholemodule;
				SWIFT_OPTIMIZATION_LEVEL = "-O";
			};
			name = Release;
		};
		DAF5F10D285B496E0060AA52 /* Debug */ = {
			isa = XCBuildConfiguration;
			buildSettings = {
				ASSETCATALOG_COMPILER_APPICON_NAME = AppIcon;
				ASSETCATALOG_COMPILER_GLOBAL_ACCENT_COLOR_NAME = AccentColor;
				CODE_SIGN_STYLE = Automatic;
				CURRENT_PROJECT_VERSION = 1;
				DEVELOPMENT_TEAM = L5BXYXBYL6;
				ENABLE_PREVIEWS = YES;
				GENERATE_INFOPLIST_FILE = YES;
				INFOPLIST_KEY_UIApplicationSceneManifest_Generation = YES;
				INFOPLIST_KEY_UIApplicationSupportsIndirectInputEvents = YES;
				INFOPLIST_KEY_UILaunchScreen_Generation = YES;
				INFOPLIST_KEY_UISupportedInterfaceOrientations_iPad = "UIInterfaceOrientationPortrait UIInterfaceOrientationPortraitUpsideDown UIInterfaceOrientationLandscapeLeft UIInterfaceOrientationLandscapeRight";
				INFOPLIST_KEY_UISupportedInterfaceOrientations_iPhone = "UIInterfaceOrientationPortrait UIInterfaceOrientationLandscapeLeft UIInterfaceOrientationLandscapeRight";
				IPHONEOS_DEPLOYMENT_TARGET = 15.5;
				LD_RUNPATH_SEARCH_PATHS = (
					"$(inherited)",
					"@executable_path/Frameworks",
				);
				MARKETING_VERSION = 1.0;
				PRODUCT_BUNDLE_IDENTIFIER = "com.drazisil.com.It-works";
				PRODUCT_NAME = "It-works";
				SDKROOT = iphoneos;
				SWIFT_EMIT_LOC_STRINGS = YES;
				SWIFT_VERSION = 5.0;
				TARGETED_DEVICE_FAMILY = "1,2";
			};
			name = Debug;
		};
		DAF5F10E285B496E0060AA52 /* Release */ = {
			isa = XCBuildConfiguration;
			buildSettings = {
				ASSETCATALOG_COMPILER_APPICON_NAME = AppIcon;
				ASSETCATALOG_COMPILER_GLOBAL_ACCENT_COLOR_NAME = AccentColor;
				CODE_SIGN_STYLE = Automatic;
				CURRENT_PROJECT_VERSION = 1;
				DEVELOPMENT_TEAM = L5BXYXBYL6;
				ENABLE_PREVIEWS = YES;
				GENERATE_INFOPLIST_FILE = YES;
				INFOPLIST_KEY_UIApplicationSceneManifest_Generation = YES;
				INFOPLIST_KEY_UIApplicationSupportsIndirectInputEvents = YES;
				INFOPLIST_KEY_UILaunchScreen_Generation = YES;
				INFOPLIST_KEY_UISupportedInterfaceOrientations_iPad = "UIInterfaceOrientationPortrait UIInterfaceOrientationPortraitUpsideDown UIInterfaceOrientationLandscapeLeft UIInterfaceOrientationLandscapeRight";
				INFOPLIST_KEY_UISupportedInterfaceOrientations_iPhone = "UIInterfaceOrientationPortrait UIInterfaceOrientationLandscapeLeft UIInterfaceOrientationLandscapeRight";
				IPHONEOS_DEPLOYMENT_TARGET = 15.5;
				LD_RUNPATH_SEARCH_PATHS = (
					"$(inherited)",
					"@executable_path/Frameworks",
				);
				MARKETING_VERSION = 1.0;
				PRODUCT_BUNDLE_IDENTIFIER = "com.drazisil.com.It-works";
				PRODUCT_NAME = "It-works";
				SDKROOT = iphoneos;
				SWIFT_EMIT_LOC_STRINGS = YES;
				SWIFT_VERSION = 5.0;
				TARGETED_DEVICE_FAMILY = "1,2";
				VALIDATE_PRODUCT = YES;
			};
			name = Release;
		};
		DAF5F110285B496E0060AA52 /* Debug */ = {
			isa = XCBuildConfiguration;
			buildSettings = {
				ASSETCATALOG_COMPILER_APPICON_NAME = AppIcon;
				ASSETCATALOG_COMPILER_GLOBAL_ACCENT_COLOR_NAME = AccentColor;
				CODE_SIGN_ENTITLEMENTS = macOS/macOS.entitlements;
				CODE_SIGN_STYLE = Automatic;
				COMBINE_HIDPI_IMAGES = YES;
				CURRENT_PROJECT_VERSION = 1;
				DEVELOPMENT_TEAM = L5BXYXBYL6;
				ENABLE_HARDENED_RUNTIME = YES;
				ENABLE_PREVIEWS = YES;
				GENERATE_INFOPLIST_FILE = YES;
				INFOPLIST_KEY_NSHumanReadableCopyright = "";
				LD_RUNPATH_SEARCH_PATHS = (
					"$(inherited)",
					"@executable_path/../Frameworks",
				);
				MACOSX_DEPLOYMENT_TARGET = 12.3;
				MARKETING_VERSION = 1.0;
				PRODUCT_BUNDLE_IDENTIFIER = "com.drazisil.com.It-works";
				PRODUCT_NAME = "It-works";
				SDKROOT = macosx;
				SWIFT_EMIT_LOC_STRINGS = YES;
				SWIFT_VERSION = 5.0;
			};
			name = Debug;
		};
		DAF5F111285B496E0060AA52 /* Release */ = {
			isa = XCBuildConfiguration;
			buildSettings = {
				ASSETCATALOG_COMPILER_APPICON_NAME = AppIcon;
				ASSETCATALOG_COMPILER_GLOBAL_ACCENT_COLOR_NAME = AccentColor;
				CODE_SIGN_ENTITLEMENTS = macOS/macOS.entitlements;
				CODE_SIGN_STYLE = Automatic;
				COMBINE_HIDPI_IMAGES = YES;
				CURRENT_PROJECT_VERSION = 1;
				DEVELOPMENT_TEAM = L5BXYXBYL6;
				ENABLE_HARDENED_RUNTIME = YES;
				ENABLE_PREVIEWS = YES;
				GENERATE_INFOPLIST_FILE = YES;
				INFOPLIST_KEY_NSHumanReadableCopyright = "";
				LD_RUNPATH_SEARCH_PATHS = (
					"$(inherited)",
					"@executable_path/../Frameworks",
				);
				MACOSX_DEPLOYMENT_TARGET = 12.3;
				MARKETING_VERSION = 1.0;
				PRODUCT_BUNDLE_IDENTIFIER = "com.drazisil.com.It-works";
				PRODUCT_NAME = "It-works";
				SDKROOT = macosx;
				SWIFT_EMIT_LOC_STRINGS = YES;
				SWIFT_VERSION = 5.0;
			};
			name = Release;
		};
		DAF5F113285B496E0060AA52 /* Debug */ = {
			isa = XCBuildConfiguration;
			buildSettings = {
				ALWAYS_EMBED_SWIFT_STANDARD_LIBRARIES = YES;
				CODE_SIGN_STYLE = Automatic;
				CURRENT_PROJECT_VERSION = 1;
				DEVELOPMENT_TEAM = L5BXYXBYL6;
				GENERATE_INFOPLIST_FILE = YES;
				IPHONEOS_DEPLOYMENT_TARGET = 15.5;
				MARKETING_VERSION = 1.0;
				PRODUCT_BUNDLE_IDENTIFIER = "com.drazisil.com.Tests-iOS";
				PRODUCT_NAME = "$(TARGET_NAME)";
				SDKROOT = iphoneos;
				SWIFT_EMIT_LOC_STRINGS = NO;
				SWIFT_VERSION = 5.0;
				TARGETED_DEVICE_FAMILY = "1,2";
				TEST_TARGET_NAME = "It-works (iOS)";
			};
			name = Debug;
		};
		DAF5F114285B496E0060AA52 /* Release */ = {
			isa = XCBuildConfiguration;
			buildSettings = {
				ALWAYS_EMBED_SWIFT_STANDARD_LIBRARIES = YES;
				CODE_SIGN_STYLE = Automatic;
				CURRENT_PROJECT_VERSION = 1;
				DEVELOPMENT_TEAM = L5BXYXBYL6;
				GENERATE_INFOPLIST_FILE = YES;
				IPHONEOS_DEPLOYMENT_TARGET = 15.5;
				MARKETING_VERSION = 1.0;
				PRODUCT_BUNDLE_IDENTIFIER = "com.drazisil.com.Tests-iOS";
				PRODUCT_NAME = "$(TARGET_NAME)";
				SDKROOT = iphoneos;
				SWIFT_EMIT_LOC_STRINGS = NO;
				SWIFT_VERSION = 5.0;
				TARGETED_DEVICE_FAMILY = "1,2";
				TEST_TARGET_NAME = "It-works (iOS)";
				VALIDATE_PRODUCT = YES;
			};
			name = Release;
		};
		DAF5F116285B496E0060AA52 /* Debug */ = {
			isa = XCBuildConfiguration;
			buildSettings = {
				ALWAYS_EMBED_SWIFT_STANDARD_LIBRARIES = YES;
				CODE_SIGN_STYLE = Automatic;
				CURRENT_PROJECT_VERSION = 1;
				DEVELOPMENT_TEAM = L5BXYXBYL6;
				GENERATE_INFOPLIST_FILE = YES;
				MACOSX_DEPLOYMENT_TARGET = 12.3;
				MARKETING_VERSION = 1.0;
				PRODUCT_BUNDLE_IDENTIFIER = "com.drazisil.com.Tests-macOS";
				PRODUCT_NAME = "$(TARGET_NAME)";
				SDKROOT = macosx;
				SWIFT_EMIT_LOC_STRINGS = NO;
				SWIFT_VERSION = 5.0;
				TEST_TARGET_NAME = "It-works (macOS)";
			};
			name = Debug;
		};
		DAF5F117285B496E0060AA52 /* Release */ = {
			isa = XCBuildConfiguration;
			buildSettings = {
				ALWAYS_EMBED_SWIFT_STANDARD_LIBRARIES = YES;
				CODE_SIGN_STYLE = Automatic;
				CURRENT_PROJECT_VERSION = 1;
				DEVELOPMENT_TEAM = L5BXYXBYL6;
				GENERATE_INFOPLIST_FILE = YES;
				MACOSX_DEPLOYMENT_TARGET = 12.3;
				MARKETING_VERSION = 1.0;
				PRODUCT_BUNDLE_IDENTIFIER = "com.drazisil.com.Tests-macOS";
				PRODUCT_NAME = "$(TARGET_NAME)";
				SDKROOT = macosx;
				SWIFT_EMIT_LOC_STRINGS = NO;
				SWIFT_VERSION = 5.0;
				TEST_TARGET_NAME = "It-works (macOS)";
			};
			name = Release;
		};
/* End XCBuildConfiguration section */

/* Begin XCConfigurationList section */
		DAF5F0DA285B496A0060AA52 /* Build configuration list for PBXProject "It-works" */ = {
			isa = XCConfigurationList;
			buildConfigurations = (
				DAF5F10A285B496E0060AA52 /* Debug */,
				DAF5F10B285B496E0060AA52 /* Release */,
			);
			defaultConfigurationIsVisible = 0;
			defaultConfigurationName = Release;
		};
		DAF5F10C285B496E0060AA52 /* Build configuration list for PBXNativeTarget "It-works (iOS)" */ = {
			isa = XCConfigurationList;
			buildConfigurations = (
				DAF5F10D285B496E0060AA52 /* Debug */,
				DAF5F10E285B496E0060AA52 /* Release */,
			);
			defaultConfigurationIsVisible = 0;
			defaultConfigurationName = Release;
		};
		DAF5F10F285B496E0060AA52 /* Build configuration list for PBXNativeTarget "It-works (macOS)" */ = {
			isa = XCConfigurationList;
			buildConfigurations = (
				DAF5F110285B496E0060AA52 /* Debug */,
				DAF5F111285B496E0060AA52 /* Release */,
			);
			defaultConfigurationIsVisible = 0;
			defaultConfigurationName = Release;
		};
		DAF5F112285B496E0060AA52 /* Build configuration list for PBXNativeTarget "Tests iOS" */ = {
			isa = XCConfigurationList;
			buildConfigurations = (
				DAF5F113285B496E0060AA52 /* Debug */,
				DAF5F114285B496E0060AA52 /* Release */,
			);
			defaultConfigurationIsVisible = 0;
			defaultConfigurationName = Release;
		};
		DAF5F115285B496E0060AA52 /* Build configuration list for PBXNativeTarget "Tests macOS" */ = {
			isa = XCConfigurationList;
			buildConfigurations = (
				DAF5F116285B496E0060AA52 /* Debug */,
				DAF5F117285B496E0060AA52 /* Release */,
			);
			defaultConfigurationIsVisible = 0;
			defaultConfigurationName = Release;
		};
/* End XCConfigurationList section */
	};
	rootObject = DAF5F0D7285B496A0060AA52 /* Project object */;
}
